
Microsoft Visual Studio Solution File, Format Version 12.00
# Visual Studio Version 17
VisualStudioVersion = 17.10.34928.147
MinimumVisualStudioVersion = 10.0.40219.1
Project("{FAE04EC0-301F-11D3-BF4B-00C04F79EFBC}") = "TimeTrackerFantasy_starting_simple", "TimeTrackerFantasy_starting_simple\TimeTrackerFantasy_starting_simple.csproj", "{4984182D-56CA-4F65-8BF3-F0DEFFD384BD}"
EndProject
Global
	GlobalSection(SolutionConfigurationPlatforms) = preSolution
		Debug|Any CPU = Debug|Any CPU
		Release|Any CPU = Release|Any CPU
	EndGlobalSection
	GlobalSection(ProjectConfigurationPlatforms) = postSolution
		{4984182D-56CA-4F65-8BF3-F0DEFFD384BD}.Debug|Any CPU.ActiveCfg = Debug|Any CPU
		{4984182D-56CA-4F65-8BF3-F0DEFFD384BD}.Debug|Any CPU.Build.0 = Debug|Any CPU
		{4984182D-56CA-4F65-8BF3-F0DEFFD384BD}.Release|Any CPU.ActiveCfg = Release|Any CPU
		{4984182D-56CA-4F65-8BF3-F0DEFFD384BD}.Release|Any CPU.Build.0 = Release|Any CPU
	EndGlobalSection
	GlobalSection(SolutionProperties) = preSolution
		HideSolutionNode = FALSE
	EndGlobalSection
	GlobalSection(ExtensibilityGlobals) = postSolution
		SolutionGuid = {4AC7AE7C-3D8B-4963-853D-203BF9EA0AF6}
	EndGlobalSection
EndGlobal
